
Microsoft Visual Studio Solution File, Format Version 12.00
# Visual Studio Version 17
VisualStudioVersion = 17.3.32929.385
MinimumVisualStudioVersion = 10.0.40219.1
Project("{FAE04EC0-301F-11D3-BF4B-00C04F79EFBC}") = "StudentAccounting", "StudentAccounting\StudentAccounting.csproj", "{440CD5DF-E9F0-45CF-830A-9C170DA0942C}"
EndProject
Global
	GlobalSection(SolutionConfigurationPlatforms) = preSolution
		Debug|Any CPU = Debug|Any CPU
		Release|Any CPU = Release|Any CPU
	EndGlobalSection
	GlobalSection(ProjectConfigurationPlatforms) = postSolution
		{440CD5DF-E9F0-45CF-830A-9C170DA0942C}.Debug|Any CPU.ActiveCfg = Debug|Any CPU
		{440CD5DF-E9F0-45CF-830A-9C170DA0942C}.Debug|Any CPU.Build.0 = Debug|Any CPU
		{440CD5DF-E9F0-45CF-830A-9C170DA0942C}.Release|Any CPU.ActiveCfg = Release|Any CPU
		{440CD5DF-E9F0-45CF-830A-9C170DA0942C}.Release|Any CPU.Build.0 = Release|Any CPU
	EndGlobalSection
	GlobalSection(SolutionProperties) = preSolution
		HideSolutionNode = FALSE
	EndGlobalSection
	GlobalSection(ExtensibilityGlobals) = postSolution
		SolutionGuid = {58DCBDEA-1662-4944-AFC8-809108FE03F5}
	EndGlobalSection
EndGlobal
